<?xml version="1.0" encoding="utf-8"?>
<Project ToolsVersion="4.0" xmlns="http://schemas.microsoft.com/developer/msbuild/2003">
  <ItemGroup>
    <Filter Include="源文件">
      <UniqueIdentifier>{4FC737F1-C7A5-4376-A066-2A32D752A2FF}</UniqueIdentifier>
      <Extensions>cpp;c;cc;cxx;def;odl;idl;hpj;bat;asm;asmx</Extensions>
    </Filter>
    <Filter Include="头文件">
      <UniqueIdentifier>{93995380-89BD-4b04-88EB-625FBE52EBFB}</UniqueIdentifier>
      <Extensions>h;hh;hpp;hxx;hm;inl;inc;xsd</Extensions>
    </Filter>
    <Filter Include="资源文件">
      <UniqueIdentifier>{67DA6AB6-F800-4c08-8B7A-83BB121AAD01}</UniqueIdentifier>
      <Extensions>rc;ico;cur;bmp;dlg;rc2;rct;bin;rgs;gif;jpg;jpeg;jpe;resx;tiff;tif;png;wav;mfcribbon-ms</Extensions>
    </Filter>
    <Filter Include="utils">
      <UniqueIdentifier>{3e4efaf5-d3a2-42ca-a04b-96ed7b6cc92b}</UniqueIdentifier>
    </Filter>
    <Filter Include="utils\log">
      <UniqueIdentifier>{d2711ca3-4928-4bee-8206-f81155893624}</UniqueIdentifier>
    </Filter>
    <Filter Include="utils\md5">
      <UniqueIdentifier>{7d328649-d386-41f1-8bdc-fc1ec65f5a49}</UniqueIdentifier>
    </Filter>
    <Filter Include="utils\pc">
      <UniqueIdentifier>{c2768ffc-5646-4292-a8fc-71ac64789b5a}</UniqueIdentifier>
    </Filter>
    <Filter Include="utils\string">
      <UniqueIdentifier>{40b32059-56d4-403d-89b1-3454aee5dec9}</UniqueIdentifier>
    </Filter>
    <Filter Include="utils\socket">
      <UniqueIdentifier>{c91342bc-97bd-4c41-8c18-6069ec9d2ec5}</UniqueIdentifier>
    </Filter>
  </ItemGroup>
  <ItemGroup>
    <Text Include="ReadMe.txt" />
  </ItemGroup>
  <ItemGroup>
    <ClInclude Include="IRScan.h">
      <Filter>头文件</Filter>
    </ClInclude>
    <ClInclude Include="IRScanDlg.h">
      <Filter>头文件</Filter>
    </ClInclude>
    <ClInclude Include="stdafx.h">
      <Filter>头文件</Filter>
    </ClInclude>
    <ClInclude Include="targetver.h">
      <Filter>头文件</Filter>
    </ClInclude>
    <ClInclude Include="Resource.h">
      <Filter>头文件</Filter>
    </ClInclude>
    <ClInclude Include="CaptureDlg.h">
      <Filter>头文件</Filter>
    </ClInclude>
    <ClInclude Include="SettingDlg.h">
      <Filter>头文件</Filter>
    </ClInclude>
    <ClInclude Include="FGInterface.h">
      <Filter>头文件</Filter>
    </ClInclude>
    <ClInclude Include="mscomm1.h">
      <Filter>头文件</Filter>
    </ClInclude>
    <ClInclude Include="incl\client.h">
      <Filter>头文件</Filter>
    </ClInclude>
    <ClInclude Include="incl\protocol.h">
      <Filter>头文件</Filter>
    </ClInclude>
    <ClInclude Include="utils\log\Logger.h">
      <Filter>utils\log</Filter>
    </ClInclude>
    <ClInclude Include="utils\md5\md5.h">
      <Filter>utils\md5</Filter>
    </ClInclude>
    <ClInclude Include="utils\pc\pc_info.h">
      <Filter>utils\pc</Filter>
    </ClInclude>
    <ClInclude Include="utils\socket\Socket.h">
      <Filter>utils\socket</Filter>
    </ClInclude>
    <ClInclude Include="utils\string\string_utils.h">
      <Filter>utils\string</Filter>
    </ClInclude>
  </ItemGroup>
  <ItemGroup>
    <ClCompile Include="IRScan.cpp">
      <Filter>源文件</Filter>
    </ClCompile>
    <ClCompile Include="IRScanDlg.cpp">
      <Filter>源文件</Filter>
    </ClCompile>
    <ClCompile Include="stdafx.cpp">
      <Filter>源文件</Filter>
    </ClCompile>
    <ClCompile Include="CaptureDlg.cpp">
      <Filter>源文件</Filter>
    </ClCompile>
    <ClCompile Include="SettingDlg.cpp">
      <Filter>源文件</Filter>
    </ClCompile>
    <ClCompile Include="FGInterface.cpp">
      <Filter>源文件</Filter>
    </ClCompile>
    <ClCompile Include="mscomm1.cpp">
      <Filter>源文件</Filter>
    </ClCompile>
    <ClCompile Include="client.cpp">
      <Filter>源文件</Filter>
    </ClCompile>
    <ClCompile Include="utils\log\Logger.cpp">
      <Filter>utils\log</Filter>
    </ClCompile>
    <ClCompile Include="utils\md5\md5.cpp">
      <Filter>utils\md5</Filter>
    </ClCompile>
    <ClCompile Include="utils\pc\pc_info.cpp">
      <Filter>utils\pc</Filter>
    </ClCompile>
    <ClCompile Include="utils\socket\Socket.cpp">
      <Filter>utils\socket</Filter>
    </ClCompile>
    <ClCompile Include="utils\string\string_utils.cpp">
      <Filter>utils\string</Filter>
    </ClCompile>
  </ItemGroup>
  <ItemGroup>
    <ResourceCompile Include="IRScan.rc">
      <Filter>资源文件</Filter>
    </ResourceCompile>
  </ItemGroup>
  <ItemGroup>
    <None Include="res\IRScan.rc2">
      <Filter>资源文件</Filter>
    </None>
  </ItemGroup>
  <ItemGroup>
    <Image Include="res\IRScan.ico">
      <Filter>资源文件</Filter>
    </Image>
  </ItemGroup>
</Project>